// !$*UTF8*$!
{
	archiveVersion = 1;
	classes = {
	};
	objectVersion = 55;
	objects = {

/* Begin PBXBuildFile section */
		66ADAED028EC7ABA006C5403 /* AppDelegate.swift in Sources */ = {isa = PBXBuildFile; fileRef = 66ADAECF28EC7ABA006C5403 /* AppDelegate.swift */; };
		66ADAED228EC7ABA006C5403 /* SceneDelegate.swift in Sources */ = {isa = PBXBuildFile; fileRef = 66ADAED128EC7ABA006C5403 /* SceneDelegate.swift */; };
		66ADAED428EC7ABA006C5403 /* ViewController.swift in Sources */ = {isa = PBXBuildFile; fileRef = 66ADAED328EC7ABA006C5403 /* ViewController.swift */; };
		66ADAED728EC7ABA006C5403 /* Main.storyboard in Resources */ = {isa = PBXBuildFile; fileRef = 66ADAED528EC7ABA006C5403 /* Main.storyboard */; };
		66ADAED928EC7ABC006C5403 /* Assets.xcassets in Resources */ = {isa = PBXBuildFile; fileRef = 66ADAED828EC7ABC006C5403 /* Assets.xcassets */; };
		66ADAEDC28EC7ABC006C5403 /* LaunchScreen.storyboard in Resources */ = {isa = PBXBuildFile; fileRef = 66ADAEDA28EC7ABC006C5403 /* LaunchScreen.storyboard */; };
		66ADAEE728EC8296006C5403 /* CarouselItem.swift in Sources */ = {isa = PBXBuildFile; fileRef = 66ADAEE628EC8296006C5403 /* CarouselItem.swift */; };
		66ADAEE928EC830F006C5403 /* CarouselItem.xib in Resources */ = {isa = PBXBuildFile; fileRef = 66ADAEE828EC830F006C5403 /* CarouselItem.xib */; };
		66ADAEEB28EC8872006C5403 /* CarouselViewController.swift in Sources */ = {isa = PBXBuildFile; fileRef = 66ADAEEA28EC8872006C5403 /* CarouselViewController.swift */; };
		66C2570F28EC98EF001CD59A /* PlaylistCollectionViewCell.swift in Sources */ = {isa = PBXBuildFile; fileRef = 66C2570D28EC98EF001CD59A /* PlaylistCollectionViewCell.swift */; };
		66C2571028EC98EF001CD59A /* PlaylistCollectionViewCell.xib in Resources */ = {isa = PBXBuildFile; fileRef = 66C2570E28EC98EF001CD59A /* PlaylistCollectionViewCell.xib */; };
/* End PBXBuildFile section */

/* Begin PBXFileReference section */
		66ADAECC28EC7ABA006C5403 /* YouTube Music Player.app */ = {isa = PBXFileReference; explicitFileType = wrapper.application; includeInIndex = 0; path = "YouTube Music Player.app"; sourceTree = BUILT_PRODUCTS_DIR; };
		66ADAECF28EC7ABA006C5403 /* AppDelegate.swift */ = {isa = PBXFileReference; lastKnownFileType = sourcecode.swift; path = AppDelegate.swift; sourceTree = "<group>"; };
		66ADAED128EC7ABA006C5403 /* SceneDelegate.swift */ = {isa = PBXFileReference; lastKnownFileType = sourcecode.swift; path = SceneDelegate.swift; sourceTree = "<group>"; };
		66ADAED328EC7ABA006C5403 /* ViewController.swift */ = {isa = PBXFileReference; lastKnownFileType = sourcecode.swift; path = ViewController.swift; sourceTree = "<group>"; };
		66ADAED628EC7ABA006C5403 /* Base */ = {isa = PBXFileReference; lastKnownFileType = file.storyboard; name = Base; path = Base.lproj/Main.storyboard; sourceTree = "<group>"; };
		66ADAED828EC7ABC006C5403 /* Assets.xcassets */ = {isa = PBXFileReference; lastKnownFileType = folder.assetcatalog; path = Assets.xcassets; sourceTree = "<group>"; };
		66ADAEDB28EC7ABC006C5403 /* Base */ = {isa = PBXFileReference; lastKnownFileType = file.storyboard; name = Base; path = Base.lproj/LaunchScreen.storyboard; sourceTree = "<group>"; };
		66ADAEDD28EC7ABC006C5403 /* Info.plist */ = {isa = PBXFileReference; lastKnownFileType = text.plist.xml; path = Info.plist; sourceTree = "<group>"; };
		66ADAEE628EC8296006C5403 /* CarouselItem.swift */ = {isa = PBXFileReference; lastKnownFileType = sourcecode.swift; path = CarouselItem.swift; sourceTree = "<group>"; };
		66ADAEE828EC830F006C5403 /* CarouselItem.xib */ = {isa = PBXFileReference; lastKnownFileType = file.xib; path = CarouselItem.xib; sourceTree = "<group>"; };
		66ADAEEA28EC8872006C5403 /* CarouselViewController.swift */ = {isa = PBXFileReference; lastKnownFileType = sourcecode.swift; path = CarouselViewController.swift; sourceTree = "<group>"; };
		66C2570D28EC98EF001CD59A /* PlaylistCollectionViewCell.swift */ = {isa = PBXFileReference; lastKnownFileType = sourcecode.swift; path = PlaylistCollectionViewCell.swift; sourceTree = "<group>"; };
		66C2570E28EC98EF001CD59A /* PlaylistCollectionViewCell.xib */ = {isa = PBXFileReference; lastKnownFileType = file.xib; path = PlaylistCollectionViewCell.xib; sourceTree = "<group>"; };
/* End PBXFileReference section */

/* Begin PBXFrameworksBuildPhase section */
		66ADAEC928EC7ABA006C5403 /* Frameworks */ = {
			isa = PBXFrameworksBuildPhase;
			buildActionMask = 2147483647;
			files = (
			);
			runOnlyForDeploymentPostprocessing = 0;
		};
/* End PBXFrameworksBuildPhase section */

/* Begin PBXGroup section */
		66ADAEC328EC7ABA006C5403 = {
			isa = PBXGroup;
			children = (
				66ADAECE28EC7ABA006C5403 /* YouTube Music Player */,
				66ADAECD28EC7ABA006C5403 /* Products */,
			);
			sourceTree = "<group>";
		};
		66ADAECD28EC7ABA006C5403 /* Products */ = {
			isa = PBXGroup;
			children = (
				66ADAECC28EC7ABA006C5403 /* YouTube Music Player.app */,
			);
			name = Products;
			sourceTree = "<group>";
		};
		66ADAECE28EC7ABA006C5403 /* YouTube Music Player */ = {
			isa = PBXGroup;
			children = (
				66C2570C28EC98D1001CD59A /* PlaylistCollectionViewCell */,
				66ADAEE328EC817A006C5403 /* Item */,
				66ADAECF28EC7ABA006C5403 /* AppDelegate.swift */,
				66ADAED128EC7ABA006C5403 /* SceneDelegate.swift */,
				66ADAED328EC7ABA006C5403 /* ViewController.swift */,
				66ADAEEA28EC8872006C5403 /* CarouselViewController.swift */,
				66ADAED528EC7ABA006C5403 /* Main.storyboard */,
				66ADAED828EC7ABC006C5403 /* Assets.xcassets */,
				66ADAEDA28EC7ABC006C5403 /* LaunchScreen.storyboard */,
				66ADAEDD28EC7ABC006C5403 /* Info.plist */,
			);
			path = "YouTube Music Player";
			sourceTree = "<group>";
		};
		66ADAEE328EC817A006C5403 /* Item */ = {
			isa = PBXGroup;
			children = (
				66ADAEE628EC8296006C5403 /* CarouselItem.swift */,
				66ADAEE828EC830F006C5403 /* CarouselItem.xib */,
			);
			path = Item;
			sourceTree = "<group>";
		};
		66C2570C28EC98D1001CD59A /* PlaylistCollectionViewCell */ = {
			isa = PBXGroup;
			children = (
				66C2570D28EC98EF001CD59A /* PlaylistCollectionViewCell.swift */,
				66C2570E28EC98EF001CD59A /* PlaylistCollectionViewCell.xib */,
			);
			path = PlaylistCollectionViewCell;
			sourceTree = "<group>";
		};
/* End PBXGroup section */

/* Begin PBXNativeTarget section */
		66ADAECB28EC7ABA006C5403 /* YouTube Music Player */ = {
			isa = PBXNativeTarget;
			buildConfigurationList = 66ADAEE028EC7ABC006C5403 /* Build configuration list for PBXNativeTarget "YouTube Music Player" */;
			buildPhases = (
				66ADAEC828EC7ABA006C5403 /* Sources */,
				66ADAEC928EC7ABA006C5403 /* Frameworks */,
				66ADAECA28EC7ABA006C5403 /* Resources */,
			);
			buildRules = (
			);
			dependencies = (
			);
			name = "YouTube Music Player";
			productName = "YouTube Music Player";
			productReference = 66ADAECC28EC7ABA006C5403 /* YouTube Music Player.app */;
			productType = "com.apple.product-type.application";
		};
/* End PBXNativeTarget section */

/* Begin PBXProject section */
		66ADAEC428EC7ABA006C5403 /* Project object */ = {
			isa = PBXProject;
			attributes = {
				BuildIndependentTargetsInParallel = 1;
				LastSwiftUpdateCheck = 1400;
				LastUpgradeCheck = 1400;
				TargetAttributes = {
					66ADAECB28EC7ABA006C5403 = {
						CreatedOnToolsVersion = 14.0.1;
					};
				};
			};
			buildConfigurationList = 66ADAEC728EC7ABA006C5403 /* Build configuration list for PBXProject "YouTube Music Player" */;
			compatibilityVersion = "Xcode 13.0";
			developmentRegion = en;
			hasScannedForEncodings = 0;
			knownRegions = (
				en,
				Base,
			);
			mainGroup = 66ADAEC328EC7ABA006C5403;
			productRefGroup = 66ADAECD28EC7ABA006C5403 /* Products */;
			projectDirPath = "";
			projectRoot = "";
			targets = (
				66ADAECB28EC7ABA006C5403 /* YouTube Music Player */,
			);
		};
/* End PBXProject section */

/* Begin PBXResourcesBuildPhase section */
		66ADAECA28EC7ABA006C5403 /* Resources */ = {
			isa = PBXResourcesBuildPhase;
			buildActionMask = 2147483647;
			files = (
				66ADAEDC28EC7ABC006C5403 /* LaunchScreen.storyboard in Resources */,
				66ADAED928EC7ABC006C5403 /* Assets.xcassets in Resources */,
				66ADAEE928EC830F006C5403 /* CarouselItem.xib in Resources */,
				66C2571028EC98EF001CD59A /* PlaylistCollectionViewCell.xib in Resources */,
				66ADAED728EC7ABA006C5403 /* Main.storyboard in Resources */,
			);
			runOnlyForDeploymentPostprocessing = 0;
		};
/* End PBXResourcesBuildPhase section */

/* Begin PBXSourcesBuildPhase section */
		66ADAEC828EC7ABA006C5403 /* Sources */ = {
			isa = PBXSourcesBuildPhase;
			buildActionMask = 2147483647;
			files = (
				66ADAEEB28EC8872006C5403 /* CarouselViewController.swift in Sources */,
				66ADAED428EC7ABA006C5403 /* ViewController.swift in Sources */,
				66ADAED028EC7ABA006C5403 /* AppDelegate.swift in Sources */,
				66ADAEE728EC8296006C5403 /* CarouselItem.swift in Sources */,
				66C2570F28EC98EF001CD59A /* PlaylistCollectionViewCell.swift in Sources */,
				66ADAED228EC7ABA006C5403 /* SceneDelegate.swift in Sources */,
			);
			runOnlyForDeploymentPostprocessing = 0;
		};
/* End PBXSourcesBuildPhase section */

/* Begin PBXVariantGroup section */
		66ADAED528EC7ABA006C5403 /* Main.storyboard */ = {
			isa = PBXVariantGroup;
			children = (
				66ADAED628EC7ABA006C5403 /* Base */,
			);
			name = Main.storyboard;
			sourceTree = "<group>";
		};
		66ADAEDA28EC7ABC006C5403 /* LaunchScreen.storyboard */ = {
			isa = PBXVariantGroup;
			children = (
				66ADAEDB28EC7ABC006C5403 /* Base */,
			);
			name = LaunchScreen.storyboard;
			sourceTree = "<group>";
		};
/* End PBXVariantGroup section */

/* Begin XCBuildConfiguration section */
		66ADAEDE28EC7ABC006C5403 /* Debug */ = {
			isa = XCBuildConfiguration;
			buildSettings = {
				ALWAYS_SEARCH_USER_PATHS = NO;
				CLANG_ANALYZER_NONNULL = YES;
				CLANG_ANALYZER_NUMBER_OBJECT_CONVERSION = YES_AGGRESSIVE;
				CLANG_CXX_LANGUAGE_STANDARD = "gnu++20";
				CLANG_ENABLE_MODULES = YES;
				CLANG_ENABLE_OBJC_ARC = YES;
				CLANG_ENABLE_OBJC_WEAK = YES;
				CLANG_WARN_BLOCK_CAPTURE_AUTORELEASING = YES;
				CLANG_WARN_BOOL_CONVERSION = YES;
				CLANG_WARN_COMMA = YES;
				CLANG_WARN_CONSTANT_CONVERSION = YES;
				CLANG_WARN_DEPRECATED_OBJC_IMPLEMENTATIONS = YES;
				CLANG_WARN_DIRECT_OBJC_ISA_USAGE = YES_ERROR;
				CLANG_WARN_DOCUMENTATION_COMMENTS = YES;
				CLANG_WARN_EMPTY_BODY = YES;
				CLANG_WARN_ENUM_CONVERSION = YES;
				CLANG_WARN_INFINITE_RECURSION = YES;
				CLANG_WARN_INT_CONVERSION = YES;
				CLANG_WARN_NON_LITERAL_NULL_CONVERSION = YES;
				CLANG_WARN_OBJC_IMPLICIT_RETAIN_SELF = YES;
				CLANG_WARN_OBJC_LITERAL_CONVERSION = YES;
				CLANG_WARN_OBJC_ROOT_CLASS = YES_ERROR;
				CLANG_WARN_QUOTED_INCLUDE_IN_FRAMEWORK_HEADER = YES;
				CLANG_WARN_RANGE_LOOP_ANALYSIS = YES;
				CLANG_WARN_STRICT_PROTOTYPES = YES;
				CLANG_WARN_SUSPICIOUS_MOVE = YES;
				CLANG_WARN_UNGUARDED_AVAILABILITY = YES_AGGRESSIVE;
				CLANG_WARN_UNREACHABLE_CODE = YES;
				CLANG_WARN__DUPLICATE_METHOD_MATCH = YES;
				COPY_PHASE_STRIP = NO;
				DEBUG_INFORMATION_FORMAT = dwarf;
				ENABLE_STRICT_OBJC_MSGSEND = YES;
				ENABLE_TESTABILITY = YES;
				GCC_C_LANGUAGE_STANDARD = gnu11;
				GCC_DYNAMIC_NO_PIC = NO;
				GCC_NO_COMMON_BLOCKS = YES;
				GCC_OPTIMIZATION_LEVEL = 0;
				GCC_PREPROCESSOR_DEFINITIONS = (
					"DEBUG=1",
					"$(inherited)",
				);
				GCC_WARN_64_TO_32_BIT_CONVERSION = YES;
				GCC_WARN_ABOUT_RETURN_TYPE = YES_ERROR;
				GCC_WARN_UNDECLARED_SELECTOR = YES;
				GCC_WARN_UNINITIALIZED_AUTOS = YES_AGGRESSIVE;
				GCC_WARN_UNUSED_FUNCTION = YES;
				GCC_WARN_UNUSED_VARIABLE = YES;
				IPHONEOS_DEPLOYMENT_TARGET = 16.0;
				MTL_ENABLE_DEBUG_INFO = INCLUDE_SOURCE;
				MTL_FAST_MATH = YES;
				ONLY_ACTIVE_ARCH = YES;
				SDKROOT = iphoneos;
				SWIFT_ACTIVE_COMPILATION_CONDITIONS = DEBUG;
				SWIFT_OPTIMIZATION_LEVEL = "-Onone";
			};
			name = Debug;
		};
		66ADAEDF28EC7ABC006C5403 /* Release */ = {
			isa = XCBuildConfiguration;
			buildSettings = {
				ALWAYS_SEARCH_USER_PATHS = NO;
				CLANG_ANALYZER_NONNULL = YES;
				CLANG_ANALYZER_NUMBER_OBJECT_CONVERSION = YES_AGGRESSIVE;
				CLANG_CXX_LANGUAGE_STANDARD = "gnu++20";
				CLANG_ENABLE_MODULES = YES;
				CLANG_ENABLE_OBJC_ARC = YES;
				CLANG_ENABLE_OBJC_WEAK = YES;
				CLANG_WARN_BLOCK_CAPTURE_AUTORELEASING = YES;
				CLANG_WARN_BOOL_CONVERSION = YES;
				CLANG_WARN_COMMA = YES;
				CLANG_WARN_CONSTANT_CONVERSION = YES;
				CLANG_WARN_DEPRECATED_OBJC_IMPLEMENTATIONS = YES;
				CLANG_WARN_DIRECT_OBJC_ISA_USAGE = YES_ERROR;
				CLANG_WARN_DOCUMENTATION_COMMENTS = YES;
				CLANG_WARN_EMPTY_BODY = YES;
				CLANG_WARN_ENUM_CONVERSION = YES;
				CLANG_WARN_INFINITE_RECURSION = YES;
				CLANG_WARN_INT_CONVERSION = YES;
				CLANG_WARN_NON_LITERAL_NULL_CONVERSION = YES;
				CLANG_WARN_OBJC_IMPLICIT_RETAIN_SELF = YES;
				CLANG_WARN_OBJC_LITERAL_CONVERSION = YES;
				CLANG_WARN_OBJC_ROOT_CLASS = YES_ERROR;
				CLANG_WARN_QUOTED_INCLUDE_IN_FRAMEWORK_HEADER = YES;
				CLANG_WARN_RANGE_LOOP_ANALYSIS = YES;
				CLANG_WARN_STRICT_PROTOTYPES = YES;
				CLANG_WARN_SUSPICIOUS_MOVE = YES;
				CLANG_WARN_UNGUARDED_AVAILABILITY = YES_AGGRESSIVE;
				CLANG_WARN_UNREACHABLE_CODE = YES;
				CLANG_WARN__DUPLICATE_METHOD_MATCH = YES;
				COPY_PHASE_STRIP = NO;
				DEBUG_INFORMATION_FORMAT = "dwarf-with-dsym";
				ENABLE_NS_ASSERTIONS = NO;
				ENABLE_STRICT_OBJC_MSGSEND = YES;
				GCC_C_LANGUAGE_STANDARD = gnu11;
				GCC_NO_COMMON_BLOCKS = YES;
				GCC_WARN_64_TO_32_BIT_CONVERSION = YES;
				GCC_WARN_ABOUT_RETURN_TYPE = YES_ERROR;
				GCC_WARN_UNDECLARED_SELECTOR = YES;
				GCC_WARN_UNINITIALIZED_AUTOS = YES_AGGRESSIVE;
				GCC_WARN_UNUSED_FUNCTION = YES;
				GCC_WARN_UNUSED_VARIABLE = YES;
				IPHONEOS_DEPLOYMENT_TARGET = 16.0;
				MTL_ENABLE_DEBUG_INFO = NO;
				MTL_FAST_MATH = YES;
				SDKROOT = iphoneos;
				SWIFT_COMPILATION_MODE = wholemodule;
				SWIFT_OPTIMIZATION_LEVEL = "-O";
				VALIDATE_PRODUCT = YES;
			};
			name = Release;
		};
		66ADAEE128EC7ABC006C5403 /* Debug */ = {
			isa = XCBuildConfiguration;
			buildSettings = {
				ASSETCATALOG_COMPILER_APPICON_NAME = AppIcon;
				ASSETCATALOG_COMPILER_GLOBAL_ACCENT_COLOR_NAME = AccentColor;
				CODE_SIGN_STYLE = Automatic;
				CURRENT_PROJECT_VERSION = 1;
				DEVELOPMENT_TEAM = 5SL6Y86ZKW;
				GENERATE_INFOPLIST_FILE = YES;
				INFOPLIST_FILE = "YouTube Music Player/Info.plist";
				INFOPLIST_KEY_UIApplicationSupportsIndirectInputEvents = YES;
				INFOPLIST_KEY_UILaunchStoryboardName = LaunchScreen;
				INFOPLIST_KEY_UIMainStoryboardFile = Main;
				INFOPLIST_KEY_UISupportedInterfaceOrientations = UIInterfaceOrientationPortrait;
				LD_RUNPATH_SEARCH_PATHS = (
					"$(inherited)",
					"@executable_path/Frameworks",
				);
				MARKETING_VERSION = 1.0;
				PRODUCT_BUNDLE_IDENTIFIER = "Kupriienko-Dmytro.YouTube-Music-Player";
				PRODUCT_NAME = "$(TARGET_NAME)";
				SWIFT_EMIT_LOC_STRINGS = YES;
				SWIFT_VERSION = 5.0;
				TARGETED_DEVICE_FAMILY = "1,2";
			};
			name = Debug;
		};
		66ADAEE228EC7ABC006C5403 /* Release */ = {
			isa = XCBuildConfiguration;
			buildSettings = {
				ASSETCATALOG_COMPILER_APPICON_NAME = AppIcon;
				ASSETCATALOG_COMPILER_GLOBAL_ACCENT_COLOR_NAME = AccentColor;
				CODE_SIGN_STYLE = Automatic;
				CURRENT_PROJECT_VERSION = 1;
				DEVELOPMENT_TEAM = 5SL6Y86ZKW;
				GENERATE_INFOPLIST_FILE = YES;
				INFOPLIST_FILE = "YouTube Music Player/Info.plist";
				INFOPLIST_KEY_UIApplicationSupportsIndirectInputEvents = YES;
				INFOPLIST_KEY_UILaunchStoryboardName = LaunchScreen;
				INFOPLIST_KEY_UIMainStoryboardFile = Main;
				INFOPLIST_KEY_UISupportedInterfaceOrientations = UIInterfaceOrientationPortrait;
				LD_RUNPATH_SEARCH_PATHS = (
					"$(inherited)",
					"@executable_path/Frameworks",
				);
				MARKETING_VERSION = 1.0;
				PRODUCT_BUNDLE_IDENTIFIER = "Kupriienko-Dmytro.YouTube-Music-Player";
				PRODUCT_NAME = "$(TARGET_NAME)";
				SWIFT_EMIT_LOC_STRINGS = YES;
				SWIFT_VERSION = 5.0;
				TARGETED_DEVICE_FAMILY = "1,2";
			};
			name = Release;
		};
/* End XCBuildConfiguration section */

/* Begin XCConfigurationList section */
		66ADAEC728EC7ABA006C5403 /* Build configuration list for PBXProject "YouTube Music Player" */ = {
			isa = XCConfigurationList;
			buildConfigurations = (
				66ADAEDE28EC7ABC006C5403 /* Debug */,
				66ADAEDF28EC7ABC006C5403 /* Release */,
			);
			defaultConfigurationIsVisible = 0;
			defaultConfigurationName = Release;
		};
		66ADAEE028EC7ABC006C5403 /* Build configuration list for PBXNativeTarget "YouTube Music Player" */ = {
			isa = XCConfigurationList;
			buildConfigurations = (
				66ADAEE128EC7ABC006C5403 /* Debug */,
				66ADAEE228EC7ABC006C5403 /* Release */,
			);
			defaultConfigurationIsVisible = 0;
			defaultConfigurationName = Release;
		};
/* End XCConfigurationList section */
	};
	rootObject = 66ADAEC428EC7ABA006C5403 /* Project object */;
}
