// !$*UTF8*$!
{
	archiveVersion = 1;
	classes = {
	};
	objectVersion = 55;
	objects = {

/* Begin PBXBuildFile section */
		66179E9828F052E100217D55 /* PlaylistSnippetMedium.swift in Sources */ = {isa = PBXBuildFile; fileRef = 66179E8D28F052DF00217D55 /* PlaylistSnippetMedium.swift */; };
		66179E9928F052E100217D55 /* PlaylistSnippetThumbnails.swift in Sources */ = {isa = PBXBuildFile; fileRef = 66179E8E28F052DF00217D55 /* PlaylistSnippetThumbnails.swift */; };
		66179E9A28F052E100217D55 /* PlaylistSnippetItemsResponce.swift in Sources */ = {isa = PBXBuildFile; fileRef = 66179E8F28F052E000217D55 /* PlaylistSnippetItemsResponce.swift */; };
		66179E9B28F052E100217D55 /* PlaylistSnippetMaxres.swift in Sources */ = {isa = PBXBuildFile; fileRef = 66179E9028F052E000217D55 /* PlaylistSnippetMaxres.swift */; };
		66179E9C28F052E100217D55 /* PlaylistSnippetPageInfo.swift in Sources */ = {isa = PBXBuildFile; fileRef = 66179E9128F052E000217D55 /* PlaylistSnippetPageInfo.swift */; };
		66179E9D28F052E100217D55 /* PlaylistSnippetStandard.swift in Sources */ = {isa = PBXBuildFile; fileRef = 66179E9228F052E000217D55 /* PlaylistSnippetStandard.swift */; };
		66179E9E28F052E100217D55 /* PlaylistSnippetItems.swift in Sources */ = {isa = PBXBuildFile; fileRef = 66179E9328F052E000217D55 /* PlaylistSnippetItems.swift */; };
		66179E9F28F052E100217D55 /* PlaylistSnippetSnippet.swift in Sources */ = {isa = PBXBuildFile; fileRef = 66179E9428F052E000217D55 /* PlaylistSnippetSnippet.swift */; };
		66179EA028F052E100217D55 /* PlaylistSnippetLocalized.swift in Sources */ = {isa = PBXBuildFile; fileRef = 66179E9528F052E000217D55 /* PlaylistSnippetLocalized.swift */; };
		66179EA128F052E100217D55 /* PlaylistSnippetHigh.swift in Sources */ = {isa = PBXBuildFile; fileRef = 66179E9628F052E000217D55 /* PlaylistSnippetHigh.swift */; };
		66179EA228F052E100217D55 /* PlaylistSnippetDefault.swift in Sources */ = {isa = PBXBuildFile; fileRef = 66179E9728F052E000217D55 /* PlaylistSnippetDefault.swift */; };
		66179EA628F0661D00217D55 /* BottomCollectionViewCell.swift in Sources */ = {isa = PBXBuildFile; fileRef = 66179EA428F0661D00217D55 /* BottomCollectionViewCell.swift */; };
		66179EA728F0661D00217D55 /* BottomCollectionViewCell.xib in Resources */ = {isa = PBXBuildFile; fileRef = 66179EA528F0661D00217D55 /* BottomCollectionViewCell.xib */; };
		662EEAB328F20F2000ACEC32 /* PlayerViewController.swift in Sources */ = {isa = PBXBuildFile; fileRef = 662EEAB228F20F2000ACEC32 /* PlayerViewController.swift */; };
		6661CF8728F0250000BDD473 /* NetworkService.swift in Sources */ = {isa = PBXBuildFile; fileRef = 6661CF8628F0250000BDD473 /* NetworkService.swift */; };
		6661CF9428F02FE200BDD473 /* PlaylistDefault.swift in Sources */ = {isa = PBXBuildFile; fileRef = 6661CF8928F02FE000BDD473 /* PlaylistDefault.swift */; };
		6661CF9528F02FE200BDD473 /* PlaylistMaxres.swift in Sources */ = {isa = PBXBuildFile; fileRef = 6661CF8A28F02FE100BDD473 /* PlaylistMaxres.swift */; };
		6661CF9628F02FE200BDD473 /* PlaylistPageInfo.swift in Sources */ = {isa = PBXBuildFile; fileRef = 6661CF8B28F02FE100BDD473 /* PlaylistPageInfo.swift */; };
		6661CF9728F02FE200BDD473 /* PlaylistSnippet.swift in Sources */ = {isa = PBXBuildFile; fileRef = 6661CF8C28F02FE100BDD473 /* PlaylistSnippet.swift */; };
		6661CF9828F02FE200BDD473 /* PlaylistResourceId.swift in Sources */ = {isa = PBXBuildFile; fileRef = 6661CF8D28F02FE100BDD473 /* PlaylistResourceId.swift */; };
		6661CF9928F02FE200BDD473 /* PlaylistStandard.swift in Sources */ = {isa = PBXBuildFile; fileRef = 6661CF8E28F02FE100BDD473 /* PlaylistStandard.swift */; };
		6661CF9A28F02FE200BDD473 /* PlaylistMedium.swift in Sources */ = {isa = PBXBuildFile; fileRef = 6661CF8F28F02FE100BDD473 /* PlaylistMedium.swift */; };
		6661CF9B28F02FE200BDD473 /* PlaylistResponce.swift in Sources */ = {isa = PBXBuildFile; fileRef = 6661CF9028F02FE100BDD473 /* PlaylistResponce.swift */; };
		6661CF9C28F02FE200BDD473 /* PlaylistItems.swift in Sources */ = {isa = PBXBuildFile; fileRef = 6661CF9128F02FE100BDD473 /* PlaylistItems.swift */; };
		6661CF9D28F02FE200BDD473 /* PlaylistHigh.swift in Sources */ = {isa = PBXBuildFile; fileRef = 6661CF9228F02FE200BDD473 /* PlaylistHigh.swift */; };
		6661CF9E28F02FE200BDD473 /* PlaylistThumbnails.swift in Sources */ = {isa = PBXBuildFile; fileRef = 6661CF9328F02FE200BDD473 /* PlaylistThumbnails.swift */; };
		6661CFA528F03A7500BDD473 /* StatisticItemsStatistics.swift in Sources */ = {isa = PBXBuildFile; fileRef = 6661CFA128F03A7500BDD473 /* StatisticItemsStatistics.swift */; };
		6661CFA628F03A7500BDD473 /* StatisticsItems.swift in Sources */ = {isa = PBXBuildFile; fileRef = 6661CFA228F03A7500BDD473 /* StatisticsItems.swift */; };
		6661CFA728F03A7500BDD473 /* StatisticItemsPageInfo.swift in Sources */ = {isa = PBXBuildFile; fileRef = 6661CFA328F03A7500BDD473 /* StatisticItemsPageInfo.swift */; };
		6661CFA828F03A7500BDD473 /* StatisticsResponce.swift in Sources */ = {isa = PBXBuildFile; fileRef = 6661CFA428F03A7500BDD473 /* StatisticsResponce.swift */; };
		666BD96B28F1995200C61CFA /* StatisticsForChannelResponce.swift in Sources */ = {isa = PBXBuildFile; fileRef = 666BD96128F1995100C61CFA /* StatisticsForChannelResponce.swift */; };
		666BD96C28F1995200C61CFA /* StatisticsForChannelDefault.swift in Sources */ = {isa = PBXBuildFile; fileRef = 666BD96228F1995100C61CFA /* StatisticsForChannelDefault.swift */; };
		666BD96D28F1995200C61CFA /* StatisticsForChannelItems.swift in Sources */ = {isa = PBXBuildFile; fileRef = 666BD96328F1995100C61CFA /* StatisticsForChannelItems.swift */; };
		666BD96E28F1995200C61CFA /* StatisticsForChannelLocalized.swift in Sources */ = {isa = PBXBuildFile; fileRef = 666BD96428F1995100C61CFA /* StatisticsForChannelLocalized.swift */; };
		666BD96F28F1995200C61CFA /* StatisticsForChannelThumbnails.swift in Sources */ = {isa = PBXBuildFile; fileRef = 666BD96528F1995200C61CFA /* StatisticsForChannelThumbnails.swift */; };
		666BD97028F1995200C61CFA /* StatisticsForChannelPageInfo.swift in Sources */ = {isa = PBXBuildFile; fileRef = 666BD96628F1995200C61CFA /* StatisticsForChannelPageInfo.swift */; };
		666BD97128F1995200C61CFA /* StatisticsForChannelMedium.swift in Sources */ = {isa = PBXBuildFile; fileRef = 666BD96728F1995200C61CFA /* StatisticsForChannelMedium.swift */; };
		666BD97228F1995200C61CFA /* StatisticsForChannelHigh.swift in Sources */ = {isa = PBXBuildFile; fileRef = 666BD96828F1995200C61CFA /* StatisticsForChannelHigh.swift */; };
		666BD97328F1995200C61CFA /* StatisticsForChannelSnippet.swift in Sources */ = {isa = PBXBuildFile; fileRef = 666BD96928F1995200C61CFA /* StatisticsForChannelSnippet.swift */; };
		666BD97428F1995200C61CFA /* StatisticsForChannelStatistics.swift in Sources */ = {isa = PBXBuildFile; fileRef = 666BD96A28F1995200C61CFA /* StatisticsForChannelStatistics.swift */; };
		66802F0D28F1F6A700C39691 /* StatisticsForChannelContentDetails.swift in Sources */ = {isa = PBXBuildFile; fileRef = 66802F0C28F1F6A700C39691 /* StatisticsForChannelContentDetails.swift */; };
		66802F0F28F1F6D700C39691 /* StatisticsForChannelRelatedPlaylists.swift in Sources */ = {isa = PBXBuildFile; fileRef = 66802F0E28F1F6D700C39691 /* StatisticsForChannelRelatedPlaylists.swift */; };
		66ADAED028EC7ABA006C5403 /* AppDelegate.swift in Sources */ = {isa = PBXBuildFile; fileRef = 66ADAECF28EC7ABA006C5403 /* AppDelegate.swift */; };
		66ADAED228EC7ABA006C5403 /* SceneDelegate.swift in Sources */ = {isa = PBXBuildFile; fileRef = 66ADAED128EC7ABA006C5403 /* SceneDelegate.swift */; };
		66ADAED428EC7ABA006C5403 /* ViewController.swift in Sources */ = {isa = PBXBuildFile; fileRef = 66ADAED328EC7ABA006C5403 /* ViewController.swift */; };
		66ADAED728EC7ABA006C5403 /* Main.storyboard in Resources */ = {isa = PBXBuildFile; fileRef = 66ADAED528EC7ABA006C5403 /* Main.storyboard */; };
		66ADAED928EC7ABC006C5403 /* Assets.xcassets in Resources */ = {isa = PBXBuildFile; fileRef = 66ADAED828EC7ABC006C5403 /* Assets.xcassets */; };
		66ADAEDC28EC7ABC006C5403 /* LaunchScreen.storyboard in Resources */ = {isa = PBXBuildFile; fileRef = 66ADAEDA28EC7ABC006C5403 /* LaunchScreen.storyboard */; };
		66ADAEE728EC8296006C5403 /* CarouselItem.swift in Sources */ = {isa = PBXBuildFile; fileRef = 66ADAEE628EC8296006C5403 /* CarouselItem.swift */; };
		66ADAEE928EC830F006C5403 /* CarouselItem.xib in Resources */ = {isa = PBXBuildFile; fileRef = 66ADAEE828EC830F006C5403 /* CarouselItem.xib */; };
		66ADAEEB28EC8872006C5403 /* CarouselViewController.swift in Sources */ = {isa = PBXBuildFile; fileRef = 66ADAEEA28EC8872006C5403 /* CarouselViewController.swift */; };
		66BC76A728EF35B800632201 /* AutoSlideHelper.swift in Sources */ = {isa = PBXBuildFile; fileRef = 66BC76A628EF35B800632201 /* AutoSlideHelper.swift */; };
		66BC772E28EF43BE00632201 /* Podfile in Resources */ = {isa = PBXBuildFile; fileRef = 66BC772D28EF43BE00632201 /* Podfile */; };
		66C2570F28EC98EF001CD59A /* TopCollectionViewCell.swift in Sources */ = {isa = PBXBuildFile; fileRef = 66C2570D28EC98EF001CD59A /* TopCollectionViewCell.swift */; };
		66C2571028EC98EF001CD59A /* TopCollectionViewCell.xib in Resources */ = {isa = PBXBuildFile; fileRef = 66C2570E28EC98EF001CD59A /* TopCollectionViewCell.xib */; };
		DEF69059F4AD4DED48CB4301 /* Pods_YouTube_Music_Player.framework in Frameworks */ = {isa = PBXBuildFile; fileRef = 7585F60C3F41E8B471FEC0A0 /* Pods_YouTube_Music_Player.framework */; };
/* End PBXBuildFile section */

/* Begin PBXFileReference section */
		249844BB0177D267D28C14CF /* Pods-YouTube Music Player.debug.xcconfig */ = {isa = PBXFileReference; includeInIndex = 1; lastKnownFileType = text.xcconfig; name = "Pods-YouTube Music Player.debug.xcconfig"; path = "Target Support Files/Pods-YouTube Music Player/Pods-YouTube Music Player.debug.xcconfig"; sourceTree = "<group>"; };
		66179E8D28F052DF00217D55 /* PlaylistSnippetMedium.swift */ = {isa = PBXFileReference; fileEncoding = 4; lastKnownFileType = sourcecode.swift; path = PlaylistSnippetMedium.swift; sourceTree = "<group>"; };
		66179E8E28F052DF00217D55 /* PlaylistSnippetThumbnails.swift */ = {isa = PBXFileReference; fileEncoding = 4; lastKnownFileType = sourcecode.swift; path = PlaylistSnippetThumbnails.swift; sourceTree = "<group>"; };
		66179E8F28F052E000217D55 /* PlaylistSnippetItemsResponce.swift */ = {isa = PBXFileReference; fileEncoding = 4; lastKnownFileType = sourcecode.swift; path = PlaylistSnippetItemsResponce.swift; sourceTree = "<group>"; };
		66179E9028F052E000217D55 /* PlaylistSnippetMaxres.swift */ = {isa = PBXFileReference; fileEncoding = 4; lastKnownFileType = sourcecode.swift; path = PlaylistSnippetMaxres.swift; sourceTree = "<group>"; };
		66179E9128F052E000217D55 /* PlaylistSnippetPageInfo.swift */ = {isa = PBXFileReference; fileEncoding = 4; lastKnownFileType = sourcecode.swift; path = PlaylistSnippetPageInfo.swift; sourceTree = "<group>"; };
		66179E9228F052E000217D55 /* PlaylistSnippetStandard.swift */ = {isa = PBXFileReference; fileEncoding = 4; lastKnownFileType = sourcecode.swift; path = PlaylistSnippetStandard.swift; sourceTree = "<group>"; };
		66179E9328F052E000217D55 /* PlaylistSnippetItems.swift */ = {isa = PBXFileReference; fileEncoding = 4; lastKnownFileType = sourcecode.swift; path = PlaylistSnippetItems.swift; sourceTree = "<group>"; };
		66179E9428F052E000217D55 /* PlaylistSnippetSnippet.swift */ = {isa = PBXFileReference; fileEncoding = 4; lastKnownFileType = sourcecode.swift; path = PlaylistSnippetSnippet.swift; sourceTree = "<group>"; };
		66179E9528F052E000217D55 /* PlaylistSnippetLocalized.swift */ = {isa = PBXFileReference; fileEncoding = 4; lastKnownFileType = sourcecode.swift; path = PlaylistSnippetLocalized.swift; sourceTree = "<group>"; };
		66179E9628F052E000217D55 /* PlaylistSnippetHigh.swift */ = {isa = PBXFileReference; fileEncoding = 4; lastKnownFileType = sourcecode.swift; path = PlaylistSnippetHigh.swift; sourceTree = "<group>"; };
		66179E9728F052E000217D55 /* PlaylistSnippetDefault.swift */ = {isa = PBXFileReference; fileEncoding = 4; lastKnownFileType = sourcecode.swift; path = PlaylistSnippetDefault.swift; sourceTree = "<group>"; };
		66179EA428F0661D00217D55 /* BottomCollectionViewCell.swift */ = {isa = PBXFileReference; lastKnownFileType = sourcecode.swift; path = BottomCollectionViewCell.swift; sourceTree = "<group>"; };
		66179EA528F0661D00217D55 /* BottomCollectionViewCell.xib */ = {isa = PBXFileReference; lastKnownFileType = file.xib; path = BottomCollectionViewCell.xib; sourceTree = "<group>"; };
		662EEAB228F20F2000ACEC32 /* PlayerViewController.swift */ = {isa = PBXFileReference; lastKnownFileType = sourcecode.swift; path = PlayerViewController.swift; sourceTree = "<group>"; };
		6661CF8628F0250000BDD473 /* NetworkService.swift */ = {isa = PBXFileReference; lastKnownFileType = sourcecode.swift; path = NetworkService.swift; sourceTree = "<group>"; };
		6661CF8928F02FE000BDD473 /* PlaylistDefault.swift */ = {isa = PBXFileReference; fileEncoding = 4; lastKnownFileType = sourcecode.swift; path = PlaylistDefault.swift; sourceTree = "<group>"; };
		6661CF8A28F02FE100BDD473 /* PlaylistMaxres.swift */ = {isa = PBXFileReference; fileEncoding = 4; lastKnownFileType = sourcecode.swift; path = PlaylistMaxres.swift; sourceTree = "<group>"; };
		6661CF8B28F02FE100BDD473 /* PlaylistPageInfo.swift */ = {isa = PBXFileReference; fileEncoding = 4; lastKnownFileType = sourcecode.swift; path = PlaylistPageInfo.swift; sourceTree = "<group>"; };
		6661CF8C28F02FE100BDD473 /* PlaylistSnippet.swift */ = {isa = PBXFileReference; fileEncoding = 4; lastKnownFileType = sourcecode.swift; path = PlaylistSnippet.swift; sourceTree = "<group>"; };
		6661CF8D28F02FE100BDD473 /* PlaylistResourceId.swift */ = {isa = PBXFileReference; fileEncoding = 4; lastKnownFileType = sourcecode.swift; path = PlaylistResourceId.swift; sourceTree = "<group>"; };
		6661CF8E28F02FE100BDD473 /* PlaylistStandard.swift */ = {isa = PBXFileReference; fileEncoding = 4; lastKnownFileType = sourcecode.swift; path = PlaylistStandard.swift; sourceTree = "<group>"; };
		6661CF8F28F02FE100BDD473 /* PlaylistMedium.swift */ = {isa = PBXFileReference; fileEncoding = 4; lastKnownFileType = sourcecode.swift; path = PlaylistMedium.swift; sourceTree = "<group>"; };
		6661CF9028F02FE100BDD473 /* PlaylistResponce.swift */ = {isa = PBXFileReference; fileEncoding = 4; lastKnownFileType = sourcecode.swift; path = PlaylistResponce.swift; sourceTree = "<group>"; };
		6661CF9128F02FE100BDD473 /* PlaylistItems.swift */ = {isa = PBXFileReference; fileEncoding = 4; lastKnownFileType = sourcecode.swift; path = PlaylistItems.swift; sourceTree = "<group>"; };
		6661CF9228F02FE200BDD473 /* PlaylistHigh.swift */ = {isa = PBXFileReference; fileEncoding = 4; lastKnownFileType = sourcecode.swift; path = PlaylistHigh.swift; sourceTree = "<group>"; };
		6661CF9328F02FE200BDD473 /* PlaylistThumbnails.swift */ = {isa = PBXFileReference; fileEncoding = 4; lastKnownFileType = sourcecode.swift; path = PlaylistThumbnails.swift; sourceTree = "<group>"; };
		6661CFA128F03A7500BDD473 /* StatisticItemsStatistics.swift */ = {isa = PBXFileReference; fileEncoding = 4; lastKnownFileType = sourcecode.swift; path = StatisticItemsStatistics.swift; sourceTree = "<group>"; };
		6661CFA228F03A7500BDD473 /* StatisticsItems.swift */ = {isa = PBXFileReference; fileEncoding = 4; lastKnownFileType = sourcecode.swift; path = StatisticsItems.swift; sourceTree = "<group>"; };
		6661CFA328F03A7500BDD473 /* StatisticItemsPageInfo.swift */ = {isa = PBXFileReference; fileEncoding = 4; lastKnownFileType = sourcecode.swift; path = StatisticItemsPageInfo.swift; sourceTree = "<group>"; };
		6661CFA428F03A7500BDD473 /* StatisticsResponce.swift */ = {isa = PBXFileReference; fileEncoding = 4; lastKnownFileType = sourcecode.swift; path = StatisticsResponce.swift; sourceTree = "<group>"; };
		666BD96128F1995100C61CFA /* StatisticsForChannelResponce.swift */ = {isa = PBXFileReference; fileEncoding = 4; lastKnownFileType = sourcecode.swift; path = StatisticsForChannelResponce.swift; sourceTree = "<group>"; };
		666BD96228F1995100C61CFA /* StatisticsForChannelDefault.swift */ = {isa = PBXFileReference; fileEncoding = 4; lastKnownFileType = sourcecode.swift; path = StatisticsForChannelDefault.swift; sourceTree = "<group>"; };
		666BD96328F1995100C61CFA /* StatisticsForChannelItems.swift */ = {isa = PBXFileReference; fileEncoding = 4; lastKnownFileType = sourcecode.swift; path = StatisticsForChannelItems.swift; sourceTree = "<group>"; };
		666BD96428F1995100C61CFA /* StatisticsForChannelLocalized.swift */ = {isa = PBXFileReference; fileEncoding = 4; lastKnownFileType = sourcecode.swift; path = StatisticsForChannelLocalized.swift; sourceTree = "<group>"; };
		666BD96528F1995200C61CFA /* StatisticsForChannelThumbnails.swift */ = {isa = PBXFileReference; fileEncoding = 4; lastKnownFileType = sourcecode.swift; path = StatisticsForChannelThumbnails.swift; sourceTree = "<group>"; };
		666BD96628F1995200C61CFA /* StatisticsForChannelPageInfo.swift */ = {isa = PBXFileReference; fileEncoding = 4; lastKnownFileType = sourcecode.swift; path = StatisticsForChannelPageInfo.swift; sourceTree = "<group>"; };
		666BD96728F1995200C61CFA /* StatisticsForChannelMedium.swift */ = {isa = PBXFileReference; fileEncoding = 4; lastKnownFileType = sourcecode.swift; path = StatisticsForChannelMedium.swift; sourceTree = "<group>"; };
		666BD96828F1995200C61CFA /* StatisticsForChannelHigh.swift */ = {isa = PBXFileReference; fileEncoding = 4; lastKnownFileType = sourcecode.swift; path = StatisticsForChannelHigh.swift; sourceTree = "<group>"; };
		666BD96928F1995200C61CFA /* StatisticsForChannelSnippet.swift */ = {isa = PBXFileReference; fileEncoding = 4; lastKnownFileType = sourcecode.swift; path = StatisticsForChannelSnippet.swift; sourceTree = "<group>"; };
		666BD96A28F1995200C61CFA /* StatisticsForChannelStatistics.swift */ = {isa = PBXFileReference; fileEncoding = 4; lastKnownFileType = sourcecode.swift; path = StatisticsForChannelStatistics.swift; sourceTree = "<group>"; };
		66802F0C28F1F6A700C39691 /* StatisticsForChannelContentDetails.swift */ = {isa = PBXFileReference; fileEncoding = 4; lastKnownFileType = sourcecode.swift; path = StatisticsForChannelContentDetails.swift; sourceTree = "<group>"; };
		66802F0E28F1F6D700C39691 /* StatisticsForChannelRelatedPlaylists.swift */ = {isa = PBXFileReference; fileEncoding = 4; lastKnownFileType = sourcecode.swift; path = StatisticsForChannelRelatedPlaylists.swift; sourceTree = "<group>"; };
		66ADAECC28EC7ABA006C5403 /* YouTube Music Player.app */ = {isa = PBXFileReference; explicitFileType = wrapper.application; includeInIndex = 0; path = "YouTube Music Player.app"; sourceTree = BUILT_PRODUCTS_DIR; };
		66ADAECF28EC7ABA006C5403 /* AppDelegate.swift */ = {isa = PBXFileReference; lastKnownFileType = sourcecode.swift; path = AppDelegate.swift; sourceTree = "<group>"; };
		66ADAED128EC7ABA006C5403 /* SceneDelegate.swift */ = {isa = PBXFileReference; lastKnownFileType = sourcecode.swift; path = SceneDelegate.swift; sourceTree = "<group>"; };
		66ADAED328EC7ABA006C5403 /* ViewController.swift */ = {isa = PBXFileReference; lastKnownFileType = sourcecode.swift; path = ViewController.swift; sourceTree = "<group>"; };
		66ADAED628EC7ABA006C5403 /* Base */ = {isa = PBXFileReference; lastKnownFileType = file.storyboard; name = Base; path = Base.lproj/Main.storyboard; sourceTree = "<group>"; };
		66ADAED828EC7ABC006C5403 /* Assets.xcassets */ = {isa = PBXFileReference; lastKnownFileType = folder.assetcatalog; path = Assets.xcassets; sourceTree = "<group>"; };
		66ADAEDB28EC7ABC006C5403 /* Base */ = {isa = PBXFileReference; lastKnownFileType = file.storyboard; name = Base; path = Base.lproj/LaunchScreen.storyboard; sourceTree = "<group>"; };
		66ADAEDD28EC7ABC006C5403 /* Info.plist */ = {isa = PBXFileReference; lastKnownFileType = text.plist.xml; path = Info.plist; sourceTree = "<group>"; };
		66ADAEE628EC8296006C5403 /* CarouselItem.swift */ = {isa = PBXFileReference; lastKnownFileType = sourcecode.swift; path = CarouselItem.swift; sourceTree = "<group>"; };
		66ADAEE828EC830F006C5403 /* CarouselItem.xib */ = {isa = PBXFileReference; lastKnownFileType = file.xib; path = CarouselItem.xib; sourceTree = "<group>"; };
		66ADAEEA28EC8872006C5403 /* CarouselViewController.swift */ = {isa = PBXFileReference; lastKnownFileType = sourcecode.swift; path = CarouselViewController.swift; sourceTree = "<group>"; };
		66BC76A628EF35B800632201 /* AutoSlideHelper.swift */ = {isa = PBXFileReference; lastKnownFileType = sourcecode.swift; path = AutoSlideHelper.swift; sourceTree = "<group>"; };
		66BC772D28EF43BE00632201 /* Podfile */ = {isa = PBXFileReference; fileEncoding = 4; lastKnownFileType = text; path = Podfile; sourceTree = SOURCE_ROOT; xcLanguageSpecificationIdentifier = xcode.lang.ruby; };
		66C2570D28EC98EF001CD59A /* TopCollectionViewCell.swift */ = {isa = PBXFileReference; lastKnownFileType = sourcecode.swift; path = TopCollectionViewCell.swift; sourceTree = "<group>"; };
		66C2570E28EC98EF001CD59A /* TopCollectionViewCell.xib */ = {isa = PBXFileReference; lastKnownFileType = file.xib; path = TopCollectionViewCell.xib; sourceTree = "<group>"; };
		7585F60C3F41E8B471FEC0A0 /* Pods_YouTube_Music_Player.framework */ = {isa = PBXFileReference; explicitFileType = wrapper.framework; includeInIndex = 0; path = Pods_YouTube_Music_Player.framework; sourceTree = BUILT_PRODUCTS_DIR; };
		CDCD625D71B190AC9BDF1ECE /* Pods-YouTube Music Player.release.xcconfig */ = {isa = PBXFileReference; includeInIndex = 1; lastKnownFileType = text.xcconfig; name = "Pods-YouTube Music Player.release.xcconfig"; path = "Target Support Files/Pods-YouTube Music Player/Pods-YouTube Music Player.release.xcconfig"; sourceTree = "<group>"; };
/* End PBXFileReference section */

/* Begin PBXFrameworksBuildPhase section */
		66ADAEC928EC7ABA006C5403 /* Frameworks */ = {
			isa = PBXFrameworksBuildPhase;
			buildActionMask = 2147483647;
			files = (
				DEF69059F4AD4DED48CB4301 /* Pods_YouTube_Music_Player.framework in Frameworks */,
			);
			runOnlyForDeploymentPostprocessing = 0;
		};
/* End PBXFrameworksBuildPhase section */

/* Begin PBXGroup section */
		1F0DDEDCAF0743AED1F0CE59 /* Frameworks */ = {
			isa = PBXGroup;
			children = (
				7585F60C3F41E8B471FEC0A0 /* Pods_YouTube_Music_Player.framework */,
			);
			name = Frameworks;
			sourceTree = "<group>";
		};
		66179E8C28F052CC00217D55 /* PlaylistSnippet */ = {
			isa = PBXGroup;
			children = (
				66179E9728F052E000217D55 /* PlaylistSnippetDefault.swift */,
				66179E9628F052E000217D55 /* PlaylistSnippetHigh.swift */,
				66179E9328F052E000217D55 /* PlaylistSnippetItems.swift */,
				66179E8F28F052E000217D55 /* PlaylistSnippetItemsResponce.swift */,
				66179E9528F052E000217D55 /* PlaylistSnippetLocalized.swift */,
				66179E9028F052E000217D55 /* PlaylistSnippetMaxres.swift */,
				66179E8D28F052DF00217D55 /* PlaylistSnippetMedium.swift */,
				66179E9128F052E000217D55 /* PlaylistSnippetPageInfo.swift */,
				66179E9428F052E000217D55 /* PlaylistSnippetSnippet.swift */,
				66179E9228F052E000217D55 /* PlaylistSnippetStandard.swift */,
				66179E8E28F052DF00217D55 /* PlaylistSnippetThumbnails.swift */,
			);
			path = PlaylistSnippet;
			sourceTree = "<group>";
		};
		66179EA328F065F300217D55 /* BottomCollectionViewCell */ = {
			isa = PBXGroup;
			children = (
				66179EA428F0661D00217D55 /* BottomCollectionViewCell.swift */,
				66179EA528F0661D00217D55 /* BottomCollectionViewCell.xib */,
			);
			path = BottomCollectionViewCell;
			sourceTree = "<group>";
		};
		6661CF8528F024E700BDD473 /* Services */ = {
			isa = PBXGroup;
			children = (
				6661CF8628F0250000BDD473 /* NetworkService.swift */,
			);
			path = Services;
			sourceTree = "<group>";
		};
		6661CF8828F02FCD00BDD473 /* Models */ = {
			isa = PBXGroup;
			children = (
				666BD96028F1993D00C61CFA /* StatisticsForChannel */,
				66179E8C28F052CC00217D55 /* PlaylistSnippet */,
				6661CFA028F03A4500BDD473 /* Statistics */,
				6661CF9F28F03A3600BDD473 /* PlaylistItems */,
			);
			path = Models;
			sourceTree = "<group>";
		};
		6661CF9F28F03A3600BDD473 /* PlaylistItems */ = {
			isa = PBXGroup;
			children = (
				6661CF8928F02FE000BDD473 /* PlaylistDefault.swift */,
				6661CF9228F02FE200BDD473 /* PlaylistHigh.swift */,
				6661CF9128F02FE100BDD473 /* PlaylistItems.swift */,
				6661CF9028F02FE100BDD473 /* PlaylistResponce.swift */,
				6661CF8A28F02FE100BDD473 /* PlaylistMaxres.swift */,
				6661CF8F28F02FE100BDD473 /* PlaylistMedium.swift */,
				6661CF8B28F02FE100BDD473 /* PlaylistPageInfo.swift */,
				6661CF8D28F02FE100BDD473 /* PlaylistResourceId.swift */,
				6661CF8C28F02FE100BDD473 /* PlaylistSnippet.swift */,
				6661CF8E28F02FE100BDD473 /* PlaylistStandard.swift */,
				6661CF9328F02FE200BDD473 /* PlaylistThumbnails.swift */,
			);
			path = PlaylistItems;
			sourceTree = "<group>";
		};
		6661CFA028F03A4500BDD473 /* Statistics */ = {
			isa = PBXGroup;
			children = (
				6661CFA228F03A7500BDD473 /* StatisticsItems.swift */,
				6661CFA428F03A7500BDD473 /* StatisticsResponce.swift */,
				6661CFA328F03A7500BDD473 /* StatisticItemsPageInfo.swift */,
				6661CFA128F03A7500BDD473 /* StatisticItemsStatistics.swift */,
			);
			path = Statistics;
			sourceTree = "<group>";
		};
		666BD96028F1993D00C61CFA /* StatisticsForChannel */ = {
			isa = PBXGroup;
			children = (
				66802F0E28F1F6D700C39691 /* StatisticsForChannelRelatedPlaylists.swift */,
				66802F0C28F1F6A700C39691 /* StatisticsForChannelContentDetails.swift */,
				666BD96228F1995100C61CFA /* StatisticsForChannelDefault.swift */,
				666BD96828F1995200C61CFA /* StatisticsForChannelHigh.swift */,
				666BD96328F1995100C61CFA /* StatisticsForChannelItems.swift */,
				666BD96128F1995100C61CFA /* StatisticsForChannelResponce.swift */,
				666BD96428F1995100C61CFA /* StatisticsForChannelLocalized.swift */,
				666BD96728F1995200C61CFA /* StatisticsForChannelMedium.swift */,
				666BD96628F1995200C61CFA /* StatisticsForChannelPageInfo.swift */,
				666BD96928F1995200C61CFA /* StatisticsForChannelSnippet.swift */,
				666BD96A28F1995200C61CFA /* StatisticsForChannelStatistics.swift */,
				666BD96528F1995200C61CFA /* StatisticsForChannelThumbnails.swift */,
			);
			path = StatisticsForChannel;
			sourceTree = "<group>";
		};
		66ADAEC328EC7ABA006C5403 = {
			isa = PBXGroup;
			children = (
				66ADAECE28EC7ABA006C5403 /* YouTube Music Player */,
				66ADAECD28EC7ABA006C5403 /* Products */,
				727BF0D5D26EDEA4F064A7D0 /* Pods */,
				1F0DDEDCAF0743AED1F0CE59 /* Frameworks */,
			);
			sourceTree = "<group>";
		};
		66ADAECD28EC7ABA006C5403 /* Products */ = {
			isa = PBXGroup;
			children = (
				66ADAECC28EC7ABA006C5403 /* YouTube Music Player.app */,
			);
			name = Products;
			sourceTree = "<group>";
		};
		66ADAECE28EC7ABA006C5403 /* YouTube Music Player */ = {
			isa = PBXGroup;
			children = (
				66C2570C28EC98D1001CD59A /* TopCollectionViewCell */,
				66179EA328F065F300217D55 /* BottomCollectionViewCell */,
				6661CF8828F02FCD00BDD473 /* Models */,
				6661CF8528F024E700BDD473 /* Services */,
				66ADAEE328EC817A006C5403 /* CarouselItem */,
				66ADAECF28EC7ABA006C5403 /* AppDelegate.swift */,
				66BC76A628EF35B800632201 /* AutoSlideHelper.swift */,
				66ADAED128EC7ABA006C5403 /* SceneDelegate.swift */,
				66ADAED328EC7ABA006C5403 /* ViewController.swift */,
				662EEAB228F20F2000ACEC32 /* PlayerViewController.swift */,
				66ADAEEA28EC8872006C5403 /* CarouselViewController.swift */,
				66ADAED528EC7ABA006C5403 /* Main.storyboard */,
				66ADAED828EC7ABC006C5403 /* Assets.xcassets */,
				66ADAEDA28EC7ABC006C5403 /* LaunchScreen.storyboard */,
				66ADAEDD28EC7ABC006C5403 /* Info.plist */,
				66BC772D28EF43BE00632201 /* Podfile */,
			);
			path = "YouTube Music Player";
			sourceTree = "<group>";
		};
		66ADAEE328EC817A006C5403 /* CarouselItem */ = {
			isa = PBXGroup;
			children = (
				66ADAEE628EC8296006C5403 /* CarouselItem.swift */,
				66ADAEE828EC830F006C5403 /* CarouselItem.xib */,
			);
			path = CarouselItem;
			sourceTree = "<group>";
		};
		66C2570C28EC98D1001CD59A /* TopCollectionViewCell */ = {
			isa = PBXGroup;
			children = (
				66C2570D28EC98EF001CD59A /* TopCollectionViewCell.swift */,
				66C2570E28EC98EF001CD59A /* TopCollectionViewCell.xib */,
			);
			path = TopCollectionViewCell;
			sourceTree = "<group>";
		};
		727BF0D5D26EDEA4F064A7D0 /* Pods */ = {
			isa = PBXGroup;
			children = (
				249844BB0177D267D28C14CF /* Pods-YouTube Music Player.debug.xcconfig */,
				CDCD625D71B190AC9BDF1ECE /* Pods-YouTube Music Player.release.xcconfig */,
			);
			path = Pods;
			sourceTree = "<group>";
		};
/* End PBXGroup section */

/* Begin PBXNativeTarget section */
		66ADAECB28EC7ABA006C5403 /* YouTube Music Player */ = {
			isa = PBXNativeTarget;
			buildConfigurationList = 66ADAEE028EC7ABC006C5403 /* Build configuration list for PBXNativeTarget "YouTube Music Player" */;
			buildPhases = (
				3C973AC6D811297AB22092B5 /* [CP] Check Pods Manifest.lock */,
				66ADAEC828EC7ABA006C5403 /* Sources */,
				66ADAEC928EC7ABA006C5403 /* Frameworks */,
				66ADAECA28EC7ABA006C5403 /* Resources */,
				5E4FE442C676F18A856B54F1 /* [CP] Embed Pods Frameworks */,
			);
			buildRules = (
			);
			dependencies = (
			);
			name = "YouTube Music Player";
			productName = "YouTube Music Player";
			productReference = 66ADAECC28EC7ABA006C5403 /* YouTube Music Player.app */;
			productType = "com.apple.product-type.application";
		};
/* End PBXNativeTarget section */

/* Begin PBXProject section */
		66ADAEC428EC7ABA006C5403 /* Project object */ = {
			isa = PBXProject;
			attributes = {
				BuildIndependentTargetsInParallel = 1;
				LastSwiftUpdateCheck = 1400;
				LastUpgradeCheck = 1400;
				TargetAttributes = {
					66ADAECB28EC7ABA006C5403 = {
						CreatedOnToolsVersion = 14.0.1;
					};
				};
			};
			buildConfigurationList = 66ADAEC728EC7ABA006C5403 /* Build configuration list for PBXProject "YouTube Music Player" */;
			compatibilityVersion = "Xcode 13.0";
			developmentRegion = en;
			hasScannedForEncodings = 0;
			knownRegions = (
				en,
				Base,
			);
			mainGroup = 66ADAEC328EC7ABA006C5403;
			productRefGroup = 66ADAECD28EC7ABA006C5403 /* Products */;
			projectDirPath = "";
			projectRoot = "";
			targets = (
				66ADAECB28EC7ABA006C5403 /* YouTube Music Player */,
			);
		};
/* End PBXProject section */

/* Begin PBXResourcesBuildPhase section */
		66ADAECA28EC7ABA006C5403 /* Resources */ = {
			isa = PBXResourcesBuildPhase;
			buildActionMask = 2147483647;
			files = (
				66BC772E28EF43BE00632201 /* Podfile in Resources */,
				66ADAEDC28EC7ABC006C5403 /* LaunchScreen.storyboard in Resources */,
				66ADAED928EC7ABC006C5403 /* Assets.xcassets in Resources */,
				66ADAEE928EC830F006C5403 /* CarouselItem.xib in Resources */,
				66179EA728F0661D00217D55 /* BottomCollectionViewCell.xib in Resources */,
				66C2571028EC98EF001CD59A /* TopCollectionViewCell.xib in Resources */,
				66ADAED728EC7ABA006C5403 /* Main.storyboard in Resources */,
			);
			runOnlyForDeploymentPostprocessing = 0;
		};
/* End PBXResourcesBuildPhase section */

/* Begin PBXShellScriptBuildPhase section */
		3C973AC6D811297AB22092B5 /* [CP] Check Pods Manifest.lock */ = {
			isa = PBXShellScriptBuildPhase;
			buildActionMask = 2147483647;
			files = (
			);
			inputFileListPaths = (
			);
			inputPaths = (
				"${PODS_PODFILE_DIR_PATH}/Podfile.lock",
				"${PODS_ROOT}/Manifest.lock",
			);
			name = "[CP] Check Pods Manifest.lock";
			outputFileListPaths = (
			);
			outputPaths = (
				"$(DERIVED_FILE_DIR)/Pods-YouTube Music Player-checkManifestLockResult.txt",
			);
			runOnlyForDeploymentPostprocessing = 0;
			shellPath = /bin/sh;
			shellScript = "diff \"${PODS_PODFILE_DIR_PATH}/Podfile.lock\" \"${PODS_ROOT}/Manifest.lock\" > /dev/null\nif [ $? != 0 ] ; then\n    # print error to STDERR\n    echo \"error: The sandbox is not in sync with the Podfile.lock. Run 'pod install' or update your CocoaPods installation.\" >&2\n    exit 1\nfi\n# This output is used by Xcode 'outputs' to avoid re-running this script phase.\necho \"SUCCESS\" > \"${SCRIPT_OUTPUT_FILE_0}\"\n";
			showEnvVarsInLog = 0;
		};
		5E4FE442C676F18A856B54F1 /* [CP] Embed Pods Frameworks */ = {
			isa = PBXShellScriptBuildPhase;
			buildActionMask = 2147483647;
			files = (
			);
			inputFileListPaths = (
				"${PODS_ROOT}/Target Support Files/Pods-YouTube Music Player/Pods-YouTube Music Player-frameworks-${CONFIGURATION}-input-files.xcfilelist",
			);
			name = "[CP] Embed Pods Frameworks";
			outputFileListPaths = (
				"${PODS_ROOT}/Target Support Files/Pods-YouTube Music Player/Pods-YouTube Music Player-frameworks-${CONFIGURATION}-output-files.xcfilelist",
			);
			runOnlyForDeploymentPostprocessing = 0;
			shellPath = /bin/sh;
			shellScript = "\"${PODS_ROOT}/Target Support Files/Pods-YouTube Music Player/Pods-YouTube Music Player-frameworks.sh\"\n";
			showEnvVarsInLog = 0;
		};
/* End PBXShellScriptBuildPhase section */

/* Begin PBXSourcesBuildPhase section */
		66ADAEC828EC7ABA006C5403 /* Sources */ = {
			isa = PBXSourcesBuildPhase;
			buildActionMask = 2147483647;
			files = (
				66179E9828F052E100217D55 /* PlaylistSnippetMedium.swift in Sources */,
				66179EA628F0661D00217D55 /* BottomCollectionViewCell.swift in Sources */,
				66179EA028F052E100217D55 /* PlaylistSnippetLocalized.swift in Sources */,
				6661CFA728F03A7500BDD473 /* StatisticItemsPageInfo.swift in Sources */,
				6661CF9C28F02FE200BDD473 /* PlaylistItems.swift in Sources */,
				6661CF9928F02FE200BDD473 /* PlaylistStandard.swift in Sources */,
				66179E9D28F052E100217D55 /* PlaylistSnippetStandard.swift in Sources */,
				6661CF9628F02FE200BDD473 /* PlaylistPageInfo.swift in Sources */,
				66BC76A728EF35B800632201 /* AutoSlideHelper.swift in Sources */,
				6661CFA628F03A7500BDD473 /* StatisticsItems.swift in Sources */,
				666BD97028F1995200C61CFA /* StatisticsForChannelPageInfo.swift in Sources */,
				66179E9A28F052E100217D55 /* PlaylistSnippetItemsResponce.swift in Sources */,
				6661CF9428F02FE200BDD473 /* PlaylistDefault.swift in Sources */,
				66179EA228F052E100217D55 /* PlaylistSnippetDefault.swift in Sources */,
				66802F0D28F1F6A700C39691 /* StatisticsForChannelContentDetails.swift in Sources */,
				6661CF9828F02FE200BDD473 /* PlaylistResourceId.swift in Sources */,
				666BD97328F1995200C61CFA /* StatisticsForChannelSnippet.swift in Sources */,
				6661CF9B28F02FE200BDD473 /* PlaylistResponce.swift in Sources */,
				6661CF9728F02FE200BDD473 /* PlaylistSnippet.swift in Sources */,
				6661CF9E28F02FE200BDD473 /* PlaylistThumbnails.swift in Sources */,
				66ADAEEB28EC8872006C5403 /* CarouselViewController.swift in Sources */,
				66179E9C28F052E100217D55 /* PlaylistSnippetPageInfo.swift in Sources */,
				666BD97228F1995200C61CFA /* StatisticsForChannelHigh.swift in Sources */,
				66179E9E28F052E100217D55 /* PlaylistSnippetItems.swift in Sources */,
				66179E9928F052E100217D55 /* PlaylistSnippetThumbnails.swift in Sources */,
				6661CF8728F0250000BDD473 /* NetworkService.swift in Sources */,
				66ADAED428EC7ABA006C5403 /* ViewController.swift in Sources */,
				66802F0F28F1F6D700C39691 /* StatisticsForChannelRelatedPlaylists.swift in Sources */,
				6661CF9A28F02FE200BDD473 /* PlaylistMedium.swift in Sources */,
				666BD96D28F1995200C61CFA /* StatisticsForChannelItems.swift in Sources */,
				66ADAED028EC7ABA006C5403 /* AppDelegate.swift in Sources */,
				66179E9B28F052E100217D55 /* PlaylistSnippetMaxres.swift in Sources */,
				66179EA128F052E100217D55 /* PlaylistSnippetHigh.swift in Sources */,
				666BD97128F1995200C61CFA /* StatisticsForChannelMedium.swift in Sources */,
				66ADAEE728EC8296006C5403 /* CarouselItem.swift in Sources */,
				6661CFA828F03A7500BDD473 /* StatisticsResponce.swift in Sources */,
				6661CF9528F02FE200BDD473 /* PlaylistMaxres.swift in Sources */,
				66179E9F28F052E100217D55 /* PlaylistSnippetSnippet.swift in Sources */,
				6661CF9D28F02FE200BDD473 /* PlaylistHigh.swift in Sources */,
				666BD96E28F1995200C61CFA /* StatisticsForChannelLocalized.swift in Sources */,
				666BD96F28F1995200C61CFA /* StatisticsForChannelThumbnails.swift in Sources */,
				66C2570F28EC98EF001CD59A /* TopCollectionViewCell.swift in Sources */,
				666BD96C28F1995200C61CFA /* StatisticsForChannelDefault.swift in Sources */,
				666BD96B28F1995200C61CFA /* StatisticsForChannelResponce.swift in Sources */,
				6661CFA528F03A7500BDD473 /* StatisticItemsStatistics.swift in Sources */,
				662EEAB328F20F2000ACEC32 /* PlayerViewController.swift in Sources */,
				666BD97428F1995200C61CFA /* StatisticsForChannelStatistics.swift in Sources */,
				66ADAED228EC7ABA006C5403 /* SceneDelegate.swift in Sources */,
			);
			runOnlyForDeploymentPostprocessing = 0;
		};
/* End PBXSourcesBuildPhase section */

/* Begin PBXVariantGroup section */
		66ADAED528EC7ABA006C5403 /* Main.storyboard */ = {
			isa = PBXVariantGroup;
			children = (
				66ADAED628EC7ABA006C5403 /* Base */,
			);
			name = Main.storyboard;
			sourceTree = "<group>";
		};
		66ADAEDA28EC7ABC006C5403 /* LaunchScreen.storyboard */ = {
			isa = PBXVariantGroup;
			children = (
				66ADAEDB28EC7ABC006C5403 /* Base */,
			);
			name = LaunchScreen.storyboard;
			sourceTree = "<group>";
		};
/* End PBXVariantGroup section */

/* Begin XCBuildConfiguration section */
		66ADAEDE28EC7ABC006C5403 /* Debug */ = {
			isa = XCBuildConfiguration;
			buildSettings = {
				ALWAYS_SEARCH_USER_PATHS = NO;
				CLANG_ANALYZER_NONNULL = YES;
				CLANG_ANALYZER_NUMBER_OBJECT_CONVERSION = YES_AGGRESSIVE;
				CLANG_CXX_LANGUAGE_STANDARD = "gnu++20";
				CLANG_ENABLE_MODULES = YES;
				CLANG_ENABLE_OBJC_ARC = YES;
				CLANG_ENABLE_OBJC_WEAK = YES;
				CLANG_WARN_BLOCK_CAPTURE_AUTORELEASING = YES;
				CLANG_WARN_BOOL_CONVERSION = YES;
				CLANG_WARN_COMMA = YES;
				CLANG_WARN_CONSTANT_CONVERSION = YES;
				CLANG_WARN_DEPRECATED_OBJC_IMPLEMENTATIONS = YES;
				CLANG_WARN_DIRECT_OBJC_ISA_USAGE = YES_ERROR;
				CLANG_WARN_DOCUMENTATION_COMMENTS = YES;
				CLANG_WARN_EMPTY_BODY = YES;
				CLANG_WARN_ENUM_CONVERSION = YES;
				CLANG_WARN_INFINITE_RECURSION = YES;
				CLANG_WARN_INT_CONVERSION = YES;
				CLANG_WARN_NON_LITERAL_NULL_CONVERSION = YES;
				CLANG_WARN_OBJC_IMPLICIT_RETAIN_SELF = YES;
				CLANG_WARN_OBJC_LITERAL_CONVERSION = YES;
				CLANG_WARN_OBJC_ROOT_CLASS = YES_ERROR;
				CLANG_WARN_QUOTED_INCLUDE_IN_FRAMEWORK_HEADER = YES;
				CLANG_WARN_RANGE_LOOP_ANALYSIS = YES;
				CLANG_WARN_STRICT_PROTOTYPES = YES;
				CLANG_WARN_SUSPICIOUS_MOVE = YES;
				CLANG_WARN_UNGUARDED_AVAILABILITY = YES_AGGRESSIVE;
				CLANG_WARN_UNREACHABLE_CODE = YES;
				CLANG_WARN__DUPLICATE_METHOD_MATCH = YES;
				COPY_PHASE_STRIP = NO;
				DEBUG_INFORMATION_FORMAT = dwarf;
				ENABLE_STRICT_OBJC_MSGSEND = YES;
				ENABLE_TESTABILITY = YES;
				GCC_C_LANGUAGE_STANDARD = gnu11;
				GCC_DYNAMIC_NO_PIC = NO;
				GCC_NO_COMMON_BLOCKS = YES;
				GCC_OPTIMIZATION_LEVEL = 0;
				GCC_PREPROCESSOR_DEFINITIONS = (
					"DEBUG=1",
					"$(inherited)",
				);
				GCC_WARN_64_TO_32_BIT_CONVERSION = YES;
				GCC_WARN_ABOUT_RETURN_TYPE = YES_ERROR;
				GCC_WARN_UNDECLARED_SELECTOR = YES;
				GCC_WARN_UNINITIALIZED_AUTOS = YES_AGGRESSIVE;
				GCC_WARN_UNUSED_FUNCTION = YES;
				GCC_WARN_UNUSED_VARIABLE = YES;
				IPHONEOS_DEPLOYMENT_TARGET = 16.0;
				MTL_ENABLE_DEBUG_INFO = INCLUDE_SOURCE;
				MTL_FAST_MATH = YES;
				ONLY_ACTIVE_ARCH = YES;
				SDKROOT = iphoneos;
				SWIFT_ACTIVE_COMPILATION_CONDITIONS = DEBUG;
				SWIFT_OPTIMIZATION_LEVEL = "-Onone";
			};
			name = Debug;
		};
		66ADAEDF28EC7ABC006C5403 /* Release */ = {
			isa = XCBuildConfiguration;
			buildSettings = {
				ALWAYS_SEARCH_USER_PATHS = NO;
				CLANG_ANALYZER_NONNULL = YES;
				CLANG_ANALYZER_NUMBER_OBJECT_CONVERSION = YES_AGGRESSIVE;
				CLANG_CXX_LANGUAGE_STANDARD = "gnu++20";
				CLANG_ENABLE_MODULES = YES;
				CLANG_ENABLE_OBJC_ARC = YES;
				CLANG_ENABLE_OBJC_WEAK = YES;
				CLANG_WARN_BLOCK_CAPTURE_AUTORELEASING = YES;
				CLANG_WARN_BOOL_CONVERSION = YES;
				CLANG_WARN_COMMA = YES;
				CLANG_WARN_CONSTANT_CONVERSION = YES;
				CLANG_WARN_DEPRECATED_OBJC_IMPLEMENTATIONS = YES;
				CLANG_WARN_DIRECT_OBJC_ISA_USAGE = YES_ERROR;
				CLANG_WARN_DOCUMENTATION_COMMENTS = YES;
				CLANG_WARN_EMPTY_BODY = YES;
				CLANG_WARN_ENUM_CONVERSION = YES;
				CLANG_WARN_INFINITE_RECURSION = YES;
				CLANG_WARN_INT_CONVERSION = YES;
				CLANG_WARN_NON_LITERAL_NULL_CONVERSION = YES;
				CLANG_WARN_OBJC_IMPLICIT_RETAIN_SELF = YES;
				CLANG_WARN_OBJC_LITERAL_CONVERSION = YES;
				CLANG_WARN_OBJC_ROOT_CLASS = YES_ERROR;
				CLANG_WARN_QUOTED_INCLUDE_IN_FRAMEWORK_HEADER = YES;
				CLANG_WARN_RANGE_LOOP_ANALYSIS = YES;
				CLANG_WARN_STRICT_PROTOTYPES = YES;
				CLANG_WARN_SUSPICIOUS_MOVE = YES;
				CLANG_WARN_UNGUARDED_AVAILABILITY = YES_AGGRESSIVE;
				CLANG_WARN_UNREACHABLE_CODE = YES;
				CLANG_WARN__DUPLICATE_METHOD_MATCH = YES;
				COPY_PHASE_STRIP = NO;
				DEBUG_INFORMATION_FORMAT = "dwarf-with-dsym";
				ENABLE_NS_ASSERTIONS = NO;
				ENABLE_STRICT_OBJC_MSGSEND = YES;
				GCC_C_LANGUAGE_STANDARD = gnu11;
				GCC_NO_COMMON_BLOCKS = YES;
				GCC_WARN_64_TO_32_BIT_CONVERSION = YES;
				GCC_WARN_ABOUT_RETURN_TYPE = YES_ERROR;
				GCC_WARN_UNDECLARED_SELECTOR = YES;
				GCC_WARN_UNINITIALIZED_AUTOS = YES_AGGRESSIVE;
				GCC_WARN_UNUSED_FUNCTION = YES;
				GCC_WARN_UNUSED_VARIABLE = YES;
				IPHONEOS_DEPLOYMENT_TARGET = 16.0;
				MTL_ENABLE_DEBUG_INFO = NO;
				MTL_FAST_MATH = YES;
				SDKROOT = iphoneos;
				SWIFT_COMPILATION_MODE = wholemodule;
				SWIFT_OPTIMIZATION_LEVEL = "-O";
				VALIDATE_PRODUCT = YES;
			};
			name = Release;
		};
		66ADAEE128EC7ABC006C5403 /* Debug */ = {
			isa = XCBuildConfiguration;
			baseConfigurationReference = 249844BB0177D267D28C14CF /* Pods-YouTube Music Player.debug.xcconfig */;
			buildSettings = {
				ASSETCATALOG_COMPILER_APPICON_NAME = AppIcon;
				ASSETCATALOG_COMPILER_GLOBAL_ACCENT_COLOR_NAME = AccentColor;
				CODE_SIGN_STYLE = Automatic;
				CURRENT_PROJECT_VERSION = 1;
				DEVELOPMENT_TEAM = 5SL6Y86ZKW;
				GENERATE_INFOPLIST_FILE = YES;
				INFOPLIST_FILE = "YouTube Music Player/Info.plist";
				INFOPLIST_KEY_UIApplicationSupportsIndirectInputEvents = YES;
				INFOPLIST_KEY_UILaunchStoryboardName = LaunchScreen;
				INFOPLIST_KEY_UIMainStoryboardFile = Main;
				INFOPLIST_KEY_UISupportedInterfaceOrientations = UIInterfaceOrientationPortrait;
				LD_RUNPATH_SEARCH_PATHS = (
					"$(inherited)",
					"@executable_path/Frameworks",
				);
				MARKETING_VERSION = 1.0;
				PRODUCT_BUNDLE_IDENTIFIER = "Kupriienko-Dmytro.YouTube-Music-Player";
				PRODUCT_NAME = "$(TARGET_NAME)";
				SWIFT_EMIT_LOC_STRINGS = YES;
				SWIFT_VERSION = 5.0;
				TARGETED_DEVICE_FAMILY = "1,2";
			};
			name = Debug;
		};
		66ADAEE228EC7ABC006C5403 /* Release */ = {
			isa = XCBuildConfiguration;
			baseConfigurationReference = CDCD625D71B190AC9BDF1ECE /* Pods-YouTube Music Player.release.xcconfig */;
			buildSettings = {
				ASSETCATALOG_COMPILER_APPICON_NAME = AppIcon;
				ASSETCATALOG_COMPILER_GLOBAL_ACCENT_COLOR_NAME = AccentColor;
				CODE_SIGN_STYLE = Automatic;
				CURRENT_PROJECT_VERSION = 1;
				DEVELOPMENT_TEAM = 5SL6Y86ZKW;
				GENERATE_INFOPLIST_FILE = YES;
				INFOPLIST_FILE = "YouTube Music Player/Info.plist";
				INFOPLIST_KEY_UIApplicationSupportsIndirectInputEvents = YES;
				INFOPLIST_KEY_UILaunchStoryboardName = LaunchScreen;
				INFOPLIST_KEY_UIMainStoryboardFile = Main;
				INFOPLIST_KEY_UISupportedInterfaceOrientations = UIInterfaceOrientationPortrait;
				LD_RUNPATH_SEARCH_PATHS = (
					"$(inherited)",
					"@executable_path/Frameworks",
				);
				MARKETING_VERSION = 1.0;
				PRODUCT_BUNDLE_IDENTIFIER = "Kupriienko-Dmytro.YouTube-Music-Player";
				PRODUCT_NAME = "$(TARGET_NAME)";
				SWIFT_EMIT_LOC_STRINGS = YES;
				SWIFT_VERSION = 5.0;
				TARGETED_DEVICE_FAMILY = "1,2";
			};
			name = Release;
		};
/* End XCBuildConfiguration section */

/* Begin XCConfigurationList section */
		66ADAEC728EC7ABA006C5403 /* Build configuration list for PBXProject "YouTube Music Player" */ = {
			isa = XCConfigurationList;
			buildConfigurations = (
				66ADAEDE28EC7ABC006C5403 /* Debug */,
				66ADAEDF28EC7ABC006C5403 /* Release */,
			);
			defaultConfigurationIsVisible = 0;
			defaultConfigurationName = Release;
		};
		66ADAEE028EC7ABC006C5403 /* Build configuration list for PBXNativeTarget "YouTube Music Player" */ = {
			isa = XCConfigurationList;
			buildConfigurations = (
				66ADAEE128EC7ABC006C5403 /* Debug */,
				66ADAEE228EC7ABC006C5403 /* Release */,
			);
			defaultConfigurationIsVisible = 0;
			defaultConfigurationName = Release;
		};
/* End XCConfigurationList section */
	};
	rootObject = 66ADAEC428EC7ABA006C5403 /* Project object */;
}
